
Microsoft Visual Studio Solution File, Format Version 12.00
# Visual Studio Version 16
VisualStudioVersion = 16.0.29728.190
MinimumVisualStudioVersion = 10.0.40219.1
Project("{FAE04EC0-301F-11D3-BF4B-00C04F79EFBC}") = "LOLMVC", "LOLMVC\LOLMVC.csproj", "{E108D910-7F52-4CEC-830D-6969E9F2568F}"
EndProject
Global
	GlobalSection(SolutionConfigurationPlatforms) = preSolution
		Debug|Any CPU = Debug|Any CPU
		Release|Any CPU = Release|Any CPU
	EndGlobalSection
	GlobalSection(ProjectConfigurationPlatforms) = postSolution
		{E108D910-7F52-4CEC-830D-6969E9F2568F}.Debug|Any CPU.ActiveCfg = Debug|Any CPU
		{E108D910-7F52-4CEC-830D-6969E9F2568F}.Debug|Any CPU.Build.0 = Debug|Any CPU
		{E108D910-7F52-4CEC-830D-6969E9F2568F}.Release|Any CPU.ActiveCfg = Release|Any CPU
		{E108D910-7F52-4CEC-830D-6969E9F2568F}.Release|Any CPU.Build.0 = Release|Any CPU
	EndGlobalSection
	GlobalSection(SolutionProperties) = preSolution
		HideSolutionNode = FALSE
	EndGlobalSection
	GlobalSection(ExtensibilityGlobals) = postSolution
		SolutionGuid = {ED5A1936-1CA5-4B2D-84A0-2EC95F74E620}
	EndGlobalSection
EndGlobal
